Microsoft Visual Studio Solution File, Format Version 12.00
# Visual Studio Version 17
VisualStudioVersion = 17.5.2.0
MinimumVisualStudioVersion = 10.0.40219.1
Project("{FAE04EC0-301F-11D3-BF4B-00C04F79EFBC}") = "CitasMV", "CitasMV.csproj", "{B9DC7332-07BC-2CFF-EA5D-4066AACA7E13}"
EndProject
Global
	GlobalSection(SolutionConfigurationPlatforms) = preSolution
		Debug|Any CPU = Debug|Any CPU
		Release|Any CPU = Release|Any CPU
	EndGlobalSection
	GlobalSection(ProjectConfigurationPlatforms) = postSolution
		{B9DC7332-07BC-2CFF-EA5D-4066AACA7E13}.Debug|Any CPU.ActiveCfg = Debug|Any CPU
		{B9DC7332-07BC-2CFF-EA5D-4066AACA7E13}.Debug|Any CPU.Build.0 = Debug|Any CPU
		{B9DC7332-07BC-2CFF-EA5D-4066AACA7E13}.Release|Any CPU.ActiveCfg = Release|Any CPU
		{B9DC7332-07BC-2CFF-EA5D-4066AACA7E13}.Release|Any CPU.Build.0 = Release|Any CPU
	EndGlobalSection
	GlobalSection(SolutionProperties) = preSolution
		HideSolutionNode = FALSE
	EndGlobalSection
	GlobalSection(ExtensibilityGlobals) = postSolution
		SolutionGuid = {1DF33CEC-939B-402C-80D2-9317A293700C}
	EndGlobalSection
EndGlobal
